// !$*UTF8*$!
{
	archiveVersion = 1;
	classes = {
	};
	objectVersion = 56;
	objects = {

/* Begin PBXBuildFile section */
		D44A396088433CA1FF9CA36E /* Pods_SAPR.framework in Frameworks */ = {isa = PBXBuildFile; fileRef = 755DBD70853658DDE60AFD8D /* Pods_SAPR.framework */; };
		E70333122B273C2C00AA314E /* ConstructionModel.xcdatamodeld in Sources */ = {isa = PBXBuildFile; fileRef = E70333102B273C2C00AA314E /* ConstructionModel.xcdatamodeld */; };
		E70333282B28A0CE00AA314E /* ConstructionSaver.swift in Sources */ = {isa = PBXBuildFile; fileRef = E70333272B28A0CE00AA314E /* ConstructionSaver.swift */; };
		E703332E2B28A7E800AA314E /* Construction.swift in Sources */ = {isa = PBXBuildFile; fileRef = E703332D2B28A7E800AA314E /* Construction.swift */; };
		E70333682B29CCD900AA314E /* SavedConstructionsTableViewCell.swift in Sources */ = {isa = PBXBuildFile; fileRef = E70333672B29CCD900AA314E /* SavedConstructionsTableViewCell.swift */; };
		E73B11302B1DA44000475F3D /* DistributedLoad.swift in Sources */ = {isa = PBXBuildFile; fileRef = E73B112F2B1DA44000475F3D /* DistributedLoad.swift */; };
		E73B11322B1F1B4700475F3D /* Direction.swift in Sources */ = {isa = PBXBuildFile; fileRef = E73B11312B1F1B4700475F3D /* Direction.swift */; };
		E73B114E2B20AF3E00475F3D /* MainViewController.swift in Sources */ = {isa = PBXBuildFile; fileRef = E73B114D2B20AF3E00475F3D /* MainViewController.swift */; };
		E73B11542B20DA6400475F3D /* SavedConstructionsViewController.swift in Sources */ = {isa = PBXBuildFile; fileRef = E73B11532B20DA6400475F3D /* SavedConstructionsViewController.swift */; };
		E73B11562B20DAC500475F3D /* UILabel.swift in Sources */ = {isa = PBXBuildFile; fileRef = E73B11552B20DAC500475F3D /* UILabel.swift */; };
		E73B11582B20DC2E00475F3D /* UIButton.swift in Sources */ = {isa = PBXBuildFile; fileRef = E73B11572B20DC2E00475F3D /* UIButton.swift */; };
		E79AE1602B02249200291446 /* RodParametres.swift in Sources */ = {isa = PBXBuildFile; fileRef = E79AE15F2B02249200291446 /* RodParametres.swift */; };
		E79AE1622B02562C00291446 /* ConstructionParametersView.swift in Sources */ = {isa = PBXBuildFile; fileRef = E79AE1612B02562C00291446 /* ConstructionParametersView.swift */; };
		E79AE1642B0633E700291446 /* SupportView.swift in Sources */ = {isa = PBXBuildFile; fileRef = E79AE1632B0633E700291446 /* SupportView.swift */; };
		E79AE1662B06376400291446 /* SupportParametresView.swift in Sources */ = {isa = PBXBuildFile; fileRef = E79AE1652B06376400291446 /* SupportParametresView.swift */; };
		E7C6F7DE2B14A2AD00B2BEF0 /* LoadsConfiguratorView.swift in Sources */ = {isa = PBXBuildFile; fileRef = E7C6F7DD2B14A2AD00B2BEF0 /* LoadsConfiguratorView.swift */; };
		E7C6F7E02B14A85000B2BEF0 /* ConstructionLoadsView.swift in Sources */ = {isa = PBXBuildFile; fileRef = E7C6F7DF2B14A85000B2BEF0 /* ConstructionLoadsView.swift */; };
		E7C6F7E22B14A92B00B2BEF0 /* FocusedLoad.swift in Sources */ = {isa = PBXBuildFile; fileRef = E7C6F7E12B14A92B00B2BEF0 /* FocusedLoad.swift */; };
		E7D740F32AF15D4A00F03C13 /* AppDelegate.swift in Sources */ = {isa = PBXBuildFile; fileRef = E7D740F22AF15D4A00F03C13 /* AppDelegate.swift */; };
		E7D740F52AF15D4A00F03C13 /* SceneDelegate.swift in Sources */ = {isa = PBXBuildFile; fileRef = E7D740F42AF15D4A00F03C13 /* SceneDelegate.swift */; };
		E7D740FC2AF15D4B00F03C13 /* Assets.xcassets in Resources */ = {isa = PBXBuildFile; fileRef = E7D740FB2AF15D4B00F03C13 /* Assets.xcassets */; };
		E7D740FF2AF15D4B00F03C13 /* LaunchScreen.storyboard in Resources */ = {isa = PBXBuildFile; fileRef = E7D740FD2AF15D4B00F03C13 /* LaunchScreen.storyboard */; };
		E7D7410A2AF17D8700F03C13 /* ConstructionView.swift in Sources */ = {isa = PBXBuildFile; fileRef = E7D741092AF17D8700F03C13 /* ConstructionView.swift */; };
		E7E3A8652B0E1B2D00CF1F82 /* MaterialsConfiguratorView.swift in Sources */ = {isa = PBXBuildFile; fileRef = E7E3A8642B0E1B2D00CF1F82 /* MaterialsConfiguratorView.swift */; };
		E7E3A8672B0E1C5C00CF1F82 /* MaterialCell.swift in Sources */ = {isa = PBXBuildFile; fileRef = E7E3A8662B0E1C5C00CF1F82 /* MaterialCell.swift */; };
		E7E3A86E2B11003700CF1F82 /* RodMaterial.swift in Sources */ = {isa = PBXBuildFile; fileRef = E7E3A86D2B11003700CF1F82 /* RodMaterial.swift */; };
		E7E3A8702B11004C00CF1F82 /* SupportParametres.swift in Sources */ = {isa = PBXBuildFile; fileRef = E7E3A86F2B11004C00CF1F82 /* SupportParametres.swift */; };
		E7E3A8752B1100DB00CF1F82 /* LoadsConfiguratorVC.swift in Sources */ = {isa = PBXBuildFile; fileRef = E7E3A8742B1100DB00CF1F82 /* LoadsConfiguratorVC.swift */; };
		E7FAE9032AFAAEDB0078510E /* CustomNavigationController.swift in Sources */ = {isa = PBXBuildFile; fileRef = E7FAE9022AFAAEDB0078510E /* CustomNavigationController.swift */; };
		E7FAE90A2AFAAF5F0078510E /* ConstructionConfiguratorVC.swift in Sources */ = {isa = PBXBuildFile; fileRef = E7FAE9092AFAAF5F0078510E /* ConstructionConfiguratorVC.swift */; };
		E7FAE90E2AFAB2D40078510E /* CustomTabBarController.swift in Sources */ = {isa = PBXBuildFile; fileRef = E7FAE90D2AFAB2D40078510E /* CustomTabBarController.swift */; };
		E7FAE9122AFABFD80078510E /* StickView.swift in Sources */ = {isa = PBXBuildFile; fileRef = E7FAE9112AFABFD80078510E /* StickView.swift */; };
/* End PBXBuildFile section */

/* Begin PBXFileReference section */
		755DBD70853658DDE60AFD8D /* Pods_SAPR.framework */ = {isa = PBXFileReference; explicitFileType = wrapper.framework; includeInIndex = 0; path = Pods_SAPR.framework; sourceTree = BUILT_PRODUCTS_DIR; };
		BC813201124A756942657936 /* Pods-SAPR.release.xcconfig */ = {isa = PBXFileReference; includeInIndex = 1; lastKnownFileType = text.xcconfig; name = "Pods-SAPR.release.xcconfig"; path = "Target Support Files/Pods-SAPR/Pods-SAPR.release.xcconfig"; sourceTree = "<group>"; };
		E70333112B273C2C00AA314E /* ConstructionModel.xcdatamodel */ = {isa = PBXFileReference; lastKnownFileType = wrapper.xcdatamodel; path = ConstructionModel.xcdatamodel; sourceTree = "<group>"; };
		E70333272B28A0CE00AA314E /* ConstructionSaver.swift */ = {isa = PBXFileReference; lastKnownFileType = sourcecode.swift; path = ConstructionSaver.swift; sourceTree = "<group>"; };
		E703332D2B28A7E800AA314E /* Construction.swift */ = {isa = PBXFileReference; lastKnownFileType = sourcecode.swift; path = Construction.swift; sourceTree = "<group>"; };
		E70333672B29CCD900AA314E /* SavedConstructionsTableViewCell.swift */ = {isa = PBXFileReference; lastKnownFileType = sourcecode.swift; path = SavedConstructionsTableViewCell.swift; sourceTree = "<group>"; };
		E73B112F2B1DA44000475F3D /* DistributedLoad.swift */ = {isa = PBXFileReference; lastKnownFileType = sourcecode.swift; path = DistributedLoad.swift; sourceTree = "<group>"; };
		E73B11312B1F1B4700475F3D /* Direction.swift */ = {isa = PBXFileReference; lastKnownFileType = sourcecode.swift; path = Direction.swift; sourceTree = "<group>"; };
		E73B114D2B20AF3E00475F3D /* MainViewController.swift */ = {isa = PBXFileReference; lastKnownFileType = sourcecode.swift; path = MainViewController.swift; sourceTree = "<group>"; };
		E73B11532B20DA6400475F3D /* SavedConstructionsViewController.swift */ = {isa = PBXFileReference; lastKnownFileType = sourcecode.swift; path = SavedConstructionsViewController.swift; sourceTree = "<group>"; };
		E73B11552B20DAC500475F3D /* UILabel.swift */ = {isa = PBXFileReference; lastKnownFileType = sourcecode.swift; path = UILabel.swift; sourceTree = "<group>"; };
		E73B11572B20DC2E00475F3D /* UIButton.swift */ = {isa = PBXFileReference; lastKnownFileType = sourcecode.swift; path = UIButton.swift; sourceTree = "<group>"; };
		E79AE15F2B02249200291446 /* RodParametres.swift */ = {isa = PBXFileReference; lastKnownFileType = sourcecode.swift; path = RodParametres.swift; sourceTree = "<group>"; };
		E79AE1612B02562C00291446 /* ConstructionParametersView.swift */ = {isa = PBXFileReference; lastKnownFileType = sourcecode.swift; path = ConstructionParametersView.swift; sourceTree = "<group>"; };
		E79AE1632B0633E700291446 /* SupportView.swift */ = {isa = PBXFileReference; lastKnownFileType = sourcecode.swift; path = SupportView.swift; sourceTree = "<group>"; };
		E79AE1652B06376400291446 /* SupportParametresView.swift */ = {isa = PBXFileReference; lastKnownFileType = sourcecode.swift; path = SupportParametresView.swift; sourceTree = "<group>"; };
		E7C6F7DD2B14A2AD00B2BEF0 /* LoadsConfiguratorView.swift */ = {isa = PBXFileReference; lastKnownFileType = sourcecode.swift; path = LoadsConfiguratorView.swift; sourceTree = "<group>"; };
		E7C6F7DF2B14A85000B2BEF0 /* ConstructionLoadsView.swift */ = {isa = PBXFileReference; lastKnownFileType = sourcecode.swift; path = ConstructionLoadsView.swift; sourceTree = "<group>"; };
		E7C6F7E12B14A92B00B2BEF0 /* FocusedLoad.swift */ = {isa = PBXFileReference; lastKnownFileType = sourcecode.swift; path = FocusedLoad.swift; sourceTree = "<group>"; };
		E7D740EF2AF15D4A00F03C13 /* SAPR.app */ = {isa = PBXFileReference; explicitFileType = wrapper.application; includeInIndex = 0; path = SAPR.app; sourceTree = BUILT_PRODUCTS_DIR; };
		E7D740F22AF15D4A00F03C13 /* AppDelegate.swift */ = {isa = PBXFileReference; lastKnownFileType = sourcecode.swift; path = AppDelegate.swift; sourceTree = "<group>"; };
		E7D740F42AF15D4A00F03C13 /* SceneDelegate.swift */ = {isa = PBXFileReference; lastKnownFileType = sourcecode.swift; path = SceneDelegate.swift; sourceTree = "<group>"; };
		E7D740FB2AF15D4B00F03C13 /* Assets.xcassets */ = {isa = PBXFileReference; lastKnownFileType = folder.assetcatalog; path = Assets.xcassets; sourceTree = "<group>"; };
		E7D740FE2AF15D4B00F03C13 /* Base */ = {isa = PBXFileReference; lastKnownFileType = file.storyboard; name = Base; path = Base.lproj/LaunchScreen.storyboard; sourceTree = "<group>"; };
		E7D741092AF17D8700F03C13 /* ConstructionView.swift */ = {isa = PBXFileReference; lastKnownFileType = sourcecode.swift; path = ConstructionView.swift; sourceTree = "<group>"; };
		E7E3A8642B0E1B2D00CF1F82 /* MaterialsConfiguratorView.swift */ = {isa = PBXFileReference; lastKnownFileType = sourcecode.swift; path = MaterialsConfiguratorView.swift; sourceTree = "<group>"; };
		E7E3A8662B0E1C5C00CF1F82 /* MaterialCell.swift */ = {isa = PBXFileReference; lastKnownFileType = sourcecode.swift; path = MaterialCell.swift; sourceTree = "<group>"; };
		E7E3A86D2B11003700CF1F82 /* RodMaterial.swift */ = {isa = PBXFileReference; lastKnownFileType = sourcecode.swift; path = RodMaterial.swift; sourceTree = "<group>"; };
		E7E3A86F2B11004C00CF1F82 /* SupportParametres.swift */ = {isa = PBXFileReference; lastKnownFileType = sourcecode.swift; path = SupportParametres.swift; sourceTree = "<group>"; };
		E7E3A8742B1100DB00CF1F82 /* LoadsConfiguratorVC.swift */ = {isa = PBXFileReference; lastKnownFileType = sourcecode.swift; path = LoadsConfiguratorVC.swift; sourceTree = "<group>"; };
		E7FAE9022AFAAEDB0078510E /* CustomNavigationController.swift */ = {isa = PBXFileReference; lastKnownFileType = sourcecode.swift; path = CustomNavigationController.swift; sourceTree = "<group>"; };
		E7FAE9092AFAAF5F0078510E /* ConstructionConfiguratorVC.swift */ = {isa = PBXFileReference; lastKnownFileType = sourcecode.swift; path = ConstructionConfiguratorVC.swift; sourceTree = "<group>"; };
		E7FAE90D2AFAB2D40078510E /* CustomTabBarController.swift */ = {isa = PBXFileReference; lastKnownFileType = sourcecode.swift; path = CustomTabBarController.swift; sourceTree = "<group>"; };
		E7FAE9112AFABFD80078510E /* StickView.swift */ = {isa = PBXFileReference; lastKnownFileType = sourcecode.swift; path = StickView.swift; sourceTree = "<group>"; };
		EE2DC72756F95DA71F2010CC /* Pods-SAPR.debug.xcconfig */ = {isa = PBXFileReference; includeInIndex = 1; lastKnownFileType = text.xcconfig; name = "Pods-SAPR.debug.xcconfig"; path = "Target Support Files/Pods-SAPR/Pods-SAPR.debug.xcconfig"; sourceTree = "<group>"; };
/* End PBXFileReference section */

/* Begin PBXFrameworksBuildPhase section */
		E7D740EC2AF15D4A00F03C13 /* Frameworks */ = {
			isa = PBXFrameworksBuildPhase;
			buildActionMask = 2147483647;
			files = (
				D44A396088433CA1FF9CA36E /* Pods_SAPR.framework in Frameworks */,
			);
			runOnlyForDeploymentPostprocessing = 0;
		};
/* End PBXFrameworksBuildPhase section */

/* Begin PBXGroup section */
		66697D0AF0FB26177D564E00 /* Pods */ = {
			isa = PBXGroup;
			children = (
				EE2DC72756F95DA71F2010CC /* Pods-SAPR.debug.xcconfig */,
				BC813201124A756942657936 /* Pods-SAPR.release.xcconfig */,
			);
			path = Pods;
			sourceTree = "<group>";
		};
		D98C3C6C6F72928A5F97F613 /* Frameworks */ = {
			isa = PBXGroup;
			children = (
				755DBD70853658DDE60AFD8D /* Pods_SAPR.framework */,
			);
			name = Frameworks;
			sourceTree = "<group>";
		};
		E73B11332B1F225C00475F3D /* UIConstants */ = {
			isa = PBXGroup;
			children = (
				E73B11552B20DAC500475F3D /* UILabel.swift */,
				E73B11572B20DC2E00475F3D /* UIButton.swift */,
			);
			path = UIConstants;
			sourceTree = "<group>";
		};
		E73B11492B20AE7900475F3D /* Main */ = {
			isa = PBXGroup;
			children = (
				E73B114A2B20AEDC00475F3D /* Model */,
				E73B114B2B20AEE200475F3D /* View */,
				E73B114C2B20AEFB00475F3D /* Controller */,
			);
			path = Main;
			sourceTree = "<group>";
		};
		E73B114A2B20AEDC00475F3D /* Model */ = {
			isa = PBXGroup;
			children = (
			);
			path = Model;
			sourceTree = "<group>";
		};
		E73B114B2B20AEE200475F3D /* View */ = {
			isa = PBXGroup;
			children = (
			);
			path = View;
			sourceTree = "<group>";
		};
		E73B114C2B20AEFB00475F3D /* Controller */ = {
			isa = PBXGroup;
			children = (
				E73B114D2B20AF3E00475F3D /* MainViewController.swift */,
			);
			path = Controller;
			sourceTree = "<group>";
		};
		E73B114F2B20DA3000475F3D /* SavedConstructions */ = {
			isa = PBXGroup;
			children = (
				E73B11522B20DA4B00475F3D /* Model */,
				E73B11512B20DA4700475F3D /* View */,
				E73B11502B20DA4000475F3D /* Controller */,
			);
			path = SavedConstructions;
			sourceTree = "<group>";
		};
		E73B11502B20DA4000475F3D /* Controller */ = {
			isa = PBXGroup;
			children = (
				E73B11532B20DA6400475F3D /* SavedConstructionsViewController.swift */,
			);
			path = Controller;
			sourceTree = "<group>";
		};
		E73B11512B20DA4700475F3D /* View */ = {
			isa = PBXGroup;
			children = (
				E70333672B29CCD900AA314E /* SavedConstructionsTableViewCell.swift */,
			);
			path = View;
			sourceTree = "<group>";
		};
		E73B11522B20DA4B00475F3D /* Model */ = {
			isa = PBXGroup;
			children = (
			);
			path = Model;
			sourceTree = "<group>";
		};
		E7D740E62AF15D4A00F03C13 = {
			isa = PBXGroup;
			children = (
				E70333102B273C2C00AA314E /* ConstructionModel.xcdatamodeld */,
				E7D740F12AF15D4A00F03C13 /* SAPR */,
				E7D740F02AF15D4A00F03C13 /* Products */,
				66697D0AF0FB26177D564E00 /* Pods */,
				D98C3C6C6F72928A5F97F613 /* Frameworks */,
			);
			sourceTree = "<group>";
		};
		E7D740F02AF15D4A00F03C13 /* Products */ = {
			isa = PBXGroup;
			children = (
				E7D740EF2AF15D4A00F03C13 /* SAPR.app */,
			);
			name = Products;
			sourceTree = "<group>";
		};
		E7D740F12AF15D4A00F03C13 /* SAPR */ = {
			isa = PBXGroup;
			children = (
				E7D741082AF17C5D00F03C13 /* Application */,
				E7D7410B2AF17D9500F03C13 /* Recourses */,
				E7FAE9052AFAAEEC0078510E /* Screens */,
				E7FAE9042AFAAEDF0078510E /* Navigation */,
				E73B11332B1F225C00475F3D /* UIConstants */,
			);
			path = SAPR;
			sourceTree = "<group>";
		};
		E7D741082AF17C5D00F03C13 /* Application */ = {
			isa = PBXGroup;
			children = (
				E7D740FD2AF15D4B00F03C13 /* LaunchScreen.storyboard */,
				E7D740F22AF15D4A00F03C13 /* AppDelegate.swift */,
				E7D740F42AF15D4A00F03C13 /* SceneDelegate.swift */,
				E70333272B28A0CE00AA314E /* ConstructionSaver.swift */,
				E703332D2B28A7E800AA314E /* Construction.swift */,
			);
			path = Application;
			sourceTree = "<group>";
		};
		E7D7410B2AF17D9500F03C13 /* Recourses */ = {
			isa = PBXGroup;
			children = (
				E7D740FB2AF15D4B00F03C13 /* Assets.xcassets */,
			);
			path = Recourses;
			sourceTree = "<group>";
		};
		E7E3A8682B10FEDD00CF1F82 /* ConstructionConfigurator */ = {
			isa = PBXGroup;
			children = (
				E7E3A86C2B10FF6B00CF1F82 /* Model */,
				E7E3A86A2B10FF5C00CF1F82 /* View */,
				E7E3A86B2B10FF6500CF1F82 /* Controller */,
			);
			path = ConstructionConfigurator;
			sourceTree = "<group>";
		};
		E7E3A86A2B10FF5C00CF1F82 /* View */ = {
			isa = PBXGroup;
			children = (
				E7E3A8662B0E1C5C00CF1F82 /* MaterialCell.swift */,
				E7FAE9112AFABFD80078510E /* StickView.swift */,
				E79AE1632B0633E700291446 /* SupportView.swift */,
				E7D741092AF17D8700F03C13 /* ConstructionView.swift */,
				E7E3A8642B0E1B2D00CF1F82 /* MaterialsConfiguratorView.swift */,
				E79AE1612B02562C00291446 /* ConstructionParametersView.swift */,
				E79AE1652B06376400291446 /* SupportParametresView.swift */,
			);
			path = View;
			sourceTree = "<group>";
		};
		E7E3A86B2B10FF6500CF1F82 /* Controller */ = {
			isa = PBXGroup;
			children = (
				E7FAE9092AFAAF5F0078510E /* ConstructionConfiguratorVC.swift */,
			);
			path = Controller;
			sourceTree = "<group>";
		};
		E7E3A86C2B10FF6B00CF1F82 /* Model */ = {
			isa = PBXGroup;
			children = (
				E79AE15F2B02249200291446 /* RodParametres.swift */,
				E7E3A86D2B11003700CF1F82 /* RodMaterial.swift */,
				E7E3A86F2B11004C00CF1F82 /* SupportParametres.swift */,
				E73B11312B1F1B4700475F3D /* Direction.swift */,
			);
			path = Model;
			sourceTree = "<group>";
		};
		E7E3A8712B1100A600CF1F82 /* Model */ = {
			isa = PBXGroup;
			children = (
			);
			path = Model;
			sourceTree = "<group>";
		};
		E7E3A8722B1100AA00CF1F82 /* View */ = {
			isa = PBXGroup;
			children = (
				E7C6F7DD2B14A2AD00B2BEF0 /* LoadsConfiguratorView.swift */,
				E7C6F7DF2B14A85000B2BEF0 /* ConstructionLoadsView.swift */,
				E7C6F7E12B14A92B00B2BEF0 /* FocusedLoad.swift */,
				E73B112F2B1DA44000475F3D /* DistributedLoad.swift */,
			);
			path = View;
			sourceTree = "<group>";
		};
		E7E3A8732B1100AF00CF1F82 /* Controller */ = {
			isa = PBXGroup;
			children = (
				E7E3A8742B1100DB00CF1F82 /* LoadsConfiguratorVC.swift */,
			);
			path = Controller;
			sourceTree = "<group>";
		};
		E7FAE9042AFAAEDF0078510E /* Navigation */ = {
			isa = PBXGroup;
			children = (
				E7FAE9022AFAAEDB0078510E /* CustomNavigationController.swift */,
				E7FAE90D2AFAB2D40078510E /* CustomTabBarController.swift */,
			);
			path = Navigation;
			sourceTree = "<group>";
		};
		E7FAE9052AFAAEEC0078510E /* Screens */ = {
			isa = PBXGroup;
			children = (
				E73B11492B20AE7900475F3D /* Main */,
				E7E3A8682B10FEDD00CF1F82 /* ConstructionConfigurator */,
				E73B114F2B20DA3000475F3D /* SavedConstructions */,
				E7FAE9082AFAAF1F0078510E /* LoadsConfigurator */,
			);
			path = Screens;
			sourceTree = "<group>";
		};
		E7FAE9082AFAAF1F0078510E /* LoadsConfigurator */ = {
			isa = PBXGroup;
			children = (
				E7E3A8712B1100A600CF1F82 /* Model */,
				E7E3A8722B1100AA00CF1F82 /* View */,
				E7E3A8732B1100AF00CF1F82 /* Controller */,
			);
			path = LoadsConfigurator;
			sourceTree = "<group>";
		};
/* End PBXGroup section */

/* Begin PBXNativeTarget section */
		E7D740EE2AF15D4A00F03C13 /* SAPR */ = {
			isa = PBXNativeTarget;
			buildConfigurationList = E7D741032AF15D4B00F03C13 /* Build configuration list for PBXNativeTarget "SAPR" */;
			buildPhases = (
				06677E0FB2B64FE57A13C4AF /* [CP] Check Pods Manifest.lock */,
				E7D740EB2AF15D4A00F03C13 /* Sources */,
				E7D740EC2AF15D4A00F03C13 /* Frameworks */,
				E7D740ED2AF15D4A00F03C13 /* Resources */,
				6A8C9C05CD3A1337CE47B58C /* [CP] Embed Pods Frameworks */,
			);
			buildRules = (
			);
			dependencies = (
			);
			name = SAPR;
			productName = SAPR;
			productReference = E7D740EF2AF15D4A00F03C13 /* SAPR.app */;
			productType = "com.apple.product-type.application";
		};
/* End PBXNativeTarget section */

/* Begin PBXProject section */
		E7D740E72AF15D4A00F03C13 /* Project object */ = {
			isa = PBXProject;
			attributes = {
				BuildIndependentTargetsInParallel = 1;
				LastSwiftUpdateCheck = 1500;
				LastUpgradeCheck = 1500;
				TargetAttributes = {
					E7D740EE2AF15D4A00F03C13 = {
						CreatedOnToolsVersion = 15.0.1;
					};
				};
			};
			buildConfigurationList = E7D740EA2AF15D4A00F03C13 /* Build configuration list for PBXProject "SAPR" */;
			compatibilityVersion = "Xcode 14.0";
			developmentRegion = en;
			hasScannedForEncodings = 0;
			knownRegions = (
				en,
				Base,
			);
			mainGroup = E7D740E62AF15D4A00F03C13;
			productRefGroup = E7D740F02AF15D4A00F03C13 /* Products */;
			projectDirPath = "";
			projectRoot = "";
			targets = (
				E7D740EE2AF15D4A00F03C13 /* SAPR */,
			);
		};
/* End PBXProject section */

/* Begin PBXResourcesBuildPhase section */
		E7D740ED2AF15D4A00F03C13 /* Resources */ = {
			isa = PBXResourcesBuildPhase;
			buildActionMask = 2147483647;
			files = (
				E7D740FF2AF15D4B00F03C13 /* LaunchScreen.storyboard in Resources */,
				E7D740FC2AF15D4B00F03C13 /* Assets.xcassets in Resources */,
			);
			runOnlyForDeploymentPostprocessing = 0;
		};
/* End PBXResourcesBuildPhase section */

/* Begin PBXShellScriptBuildPhase section */
		06677E0FB2B64FE57A13C4AF /* [CP] Check Pods Manifest.lock */ = {
			isa = PBXShellScriptBuildPhase;
			buildActionMask = 2147483647;
			files = (
			);
			inputFileListPaths = (
			);
			inputPaths = (
				"${PODS_PODFILE_DIR_PATH}/Podfile.lock",
				"${PODS_ROOT}/Manifest.lock",
			);
			name = "[CP] Check Pods Manifest.lock";
			outputFileListPaths = (
			);
			outputPaths = (
				"$(DERIVED_FILE_DIR)/Pods-SAPR-checkManifestLockResult.txt",
			);
			runOnlyForDeploymentPostprocessing = 0;
			shellPath = /bin/sh;
			shellScript = "diff \"${PODS_PODFILE_DIR_PATH}/Podfile.lock\" \"${PODS_ROOT}/Manifest.lock\" > /dev/null\nif [ $? != 0 ] ; then\n    # print error to STDERR\n    echo \"error: The sandbox is not in sync with the Podfile.lock. Run 'pod install' or update your CocoaPods installation.\" >&2\n    exit 1\nfi\n# This output is used by Xcode 'outputs' to avoid re-running this script phase.\necho \"SUCCESS\" > \"${SCRIPT_OUTPUT_FILE_0}\"\n";
			showEnvVarsInLog = 0;
		};
		6A8C9C05CD3A1337CE47B58C /* [CP] Embed Pods Frameworks */ = {
			isa = PBXShellScriptBuildPhase;
			buildActionMask = 2147483647;
			files = (
			);
			inputFileListPaths = (
				"${PODS_ROOT}/Target Support Files/Pods-SAPR/Pods-SAPR-frameworks-${CONFIGURATION}-input-files.xcfilelist",
			);
			name = "[CP] Embed Pods Frameworks";
			outputFileListPaths = (
				"${PODS_ROOT}/Target Support Files/Pods-SAPR/Pods-SAPR-frameworks-${CONFIGURATION}-output-files.xcfilelist",
			);
			runOnlyForDeploymentPostprocessing = 0;
			shellPath = /bin/sh;
			shellScript = "\"${PODS_ROOT}/Target Support Files/Pods-SAPR/Pods-SAPR-frameworks.sh\"\n";
			showEnvVarsInLog = 0;
		};
/* End PBXShellScriptBuildPhase section */

/* Begin PBXSourcesBuildPhase section */
		E7D740EB2AF15D4A00F03C13 /* Sources */ = {
			isa = PBXSourcesBuildPhase;
			buildActionMask = 2147483647;
			files = (
				E7E3A86E2B11003700CF1F82 /* RodMaterial.swift in Sources */,
				E70333282B28A0CE00AA314E /* ConstructionSaver.swift in Sources */,
				E73B114E2B20AF3E00475F3D /* MainViewController.swift in Sources */,
				E7D740F32AF15D4A00F03C13 /* AppDelegate.swift in Sources */,
				E73B11542B20DA6400475F3D /* SavedConstructionsViewController.swift in Sources */,
				E73B11562B20DAC500475F3D /* UILabel.swift in Sources */,
				E70333682B29CCD900AA314E /* SavedConstructionsTableViewCell.swift in Sources */,
				E73B11582B20DC2E00475F3D /* UIButton.swift in Sources */,
				E79AE1622B02562C00291446 /* ConstructionParametersView.swift in Sources */,
				E703332E2B28A7E800AA314E /* Construction.swift in Sources */,
				E7E3A8652B0E1B2D00CF1F82 /* MaterialsConfiguratorView.swift in Sources */,
				E70333122B273C2C00AA314E /* ConstructionModel.xcdatamodeld in Sources */,
				E79AE1662B06376400291446 /* SupportParametresView.swift in Sources */,
				E7D740F52AF15D4A00F03C13 /* SceneDelegate.swift in Sources */,
				E7D7410A2AF17D8700F03C13 /* ConstructionView.swift in Sources */,
				E79AE1642B0633E700291446 /* SupportView.swift in Sources */,
				E7C6F7DE2B14A2AD00B2BEF0 /* LoadsConfiguratorView.swift in Sources */,
				E7FAE9122AFABFD80078510E /* StickView.swift in Sources */,
				E7FAE9032AFAAEDB0078510E /* CustomNavigationController.swift in Sources */,
				E7C6F7E02B14A85000B2BEF0 /* ConstructionLoadsView.swift in Sources */,
				E7FAE90A2AFAAF5F0078510E /* ConstructionConfiguratorVC.swift in Sources */,
				E7E3A8672B0E1C5C00CF1F82 /* MaterialCell.swift in Sources */,
				E73B11322B1F1B4700475F3D /* Direction.swift in Sources */,
				E73B11302B1DA44000475F3D /* DistributedLoad.swift in Sources */,
				E7FAE90E2AFAB2D40078510E /* CustomTabBarController.swift in Sources */,
				E7E3A8752B1100DB00CF1F82 /* LoadsConfiguratorVC.swift in Sources */,
				E7C6F7E22B14A92B00B2BEF0 /* FocusedLoad.swift in Sources */,
				E79AE1602B02249200291446 /* RodParametres.swift in Sources */,
				E7E3A8702B11004C00CF1F82 /* SupportParametres.swift in Sources */,
			);
			runOnlyForDeploymentPostprocessing = 0;
		};
/* End PBXSourcesBuildPhase section */

/* Begin PBXVariantGroup section */
		E7D740FD2AF15D4B00F03C13 /* LaunchScreen.storyboard */ = {
			isa = PBXVariantGroup;
			children = (
				E7D740FE2AF15D4B00F03C13 /* Base */,
			);
			name = LaunchScreen.storyboard;
			sourceTree = "<group>";
		};
/* End PBXVariantGroup section */

/* Begin XCBuildConfiguration section */
		E7D741012AF15D4B00F03C13 /* Debug */ = {
			isa = XCBuildConfiguration;
			buildSettings = {
				ALWAYS_SEARCH_USER_PATHS = NO;
				ASSETCATALOG_COMPILER_GENERATE_SWIFT_ASSET_SYMBOL_EXTENSIONS = YES;
				CLANG_ANALYZER_NONNULL = YES;
				CLANG_ANALYZER_NUMBER_OBJECT_CONVERSION = YES_AGGRESSIVE;
				CLANG_CXX_LANGUAGE_STANDARD = "gnu++20";
				CLANG_ENABLE_MODULES = YES;
				CLANG_ENABLE_OBJC_ARC = YES;
				CLANG_ENABLE_OBJC_WEAK = YES;
				CLANG_WARN_BLOCK_CAPTURE_AUTORELEASING = YES;
				CLANG_WARN_BOOL_CONVERSION = YES;
				CLANG_WARN_COMMA = YES;
				CLANG_WARN_CONSTANT_CONVERSION = YES;
				CLANG_WARN_DEPRECATED_OBJC_IMPLEMENTATIONS = YES;
				CLANG_WARN_DIRECT_OBJC_ISA_USAGE = YES_ERROR;
				CLANG_WARN_DOCUMENTATION_COMMENTS = YES;
				CLANG_WARN_EMPTY_BODY = YES;
				CLANG_WARN_ENUM_CONVERSION = YES;
				CLANG_WARN_INFINITE_RECURSION = YES;
				CLANG_WARN_INT_CONVERSION = YES;
				CLANG_WARN_NON_LITERAL_NULL_CONVERSION = YES;
				CLANG_WARN_OBJC_IMPLICIT_RETAIN_SELF = YES;
				CLANG_WARN_OBJC_LITERAL_CONVERSION = YES;
				CLANG_WARN_OBJC_ROOT_CLASS = YES_ERROR;
				CLANG_WARN_QUOTED_INCLUDE_IN_FRAMEWORK_HEADER = YES;
				CLANG_WARN_RANGE_LOOP_ANALYSIS = YES;
				CLANG_WARN_STRICT_PROTOTYPES = YES;
				CLANG_WARN_SUSPICIOUS_MOVE = YES;
				CLANG_WARN_UNGUARDED_AVAILABILITY = YES_AGGRESSIVE;
				CLANG_WARN_UNREACHABLE_CODE = YES;
				CLANG_WARN__DUPLICATE_METHOD_MATCH = YES;
				COPY_PHASE_STRIP = NO;
				DEBUG_INFORMATION_FORMAT = dwarf;
				ENABLE_STRICT_OBJC_MSGSEND = YES;
				ENABLE_TESTABILITY = YES;
				ENABLE_USER_SCRIPT_SANDBOXING = YES;
				GCC_C_LANGUAGE_STANDARD = gnu17;
				GCC_DYNAMIC_NO_PIC = NO;
				GCC_NO_COMMON_BLOCKS = YES;
				GCC_OPTIMIZATION_LEVEL = 0;
				GCC_PREPROCESSOR_DEFINITIONS = (
					"DEBUG=1",
					"$(inherited)",
				);
				GCC_WARN_64_TO_32_BIT_CONVERSION = YES;
				GCC_WARN_ABOUT_RETURN_TYPE = YES_ERROR;
				GCC_WARN_UNDECLARED_SELECTOR = YES;
				GCC_WARN_UNINITIALIZED_AUTOS = YES_AGGRESSIVE;
				GCC_WARN_UNUSED_FUNCTION = YES;
				GCC_WARN_UNUSED_VARIABLE = YES;
				IPHONEOS_DEPLOYMENT_TARGET = 17.0;
				LOCALIZATION_PREFERS_STRING_CATALOGS = YES;
				MTL_ENABLE_DEBUG_INFO = INCLUDE_SOURCE;
				MTL_FAST_MATH = YES;
				ONLY_ACTIVE_ARCH = YES;
				SDKROOT = iphoneos;
				SWIFT_ACTIVE_COMPILATION_CONDITIONS = "DEBUG $(inherited)";
				SWIFT_OPTIMIZATION_LEVEL = "-Onone";
			};
			name = Debug;
		};
		E7D741022AF15D4B00F03C13 /* Release */ = {
			isa = XCBuildConfiguration;
			buildSettings = {
				ALWAYS_SEARCH_USER_PATHS = NO;
				ASSETCATALOG_COMPILER_GENERATE_SWIFT_ASSET_SYMBOL_EXTENSIONS = YES;
				CLANG_ANALYZER_NONNULL = YES;
				CLANG_ANALYZER_NUMBER_OBJECT_CONVERSION = YES_AGGRESSIVE;
				CLANG_CXX_LANGUAGE_STANDARD = "gnu++20";
				CLANG_ENABLE_MODULES = YES;
				CLANG_ENABLE_OBJC_ARC = YES;
				CLANG_ENABLE_OBJC_WEAK = YES;
				CLANG_WARN_BLOCK_CAPTURE_AUTORELEASING = YES;
				CLANG_WARN_BOOL_CONVERSION = YES;
				CLANG_WARN_COMMA = YES;
				CLANG_WARN_CONSTANT_CONVERSION = YES;
				CLANG_WARN_DEPRECATED_OBJC_IMPLEMENTATIONS = YES;
				CLANG_WARN_DIRECT_OBJC_ISA_USAGE = YES_ERROR;
				CLANG_WARN_DOCUMENTATION_COMMENTS = YES;
				CLANG_WARN_EMPTY_BODY = YES;
				CLANG_WARN_ENUM_CONVERSION = YES;
				CLANG_WARN_INFINITE_RECURSION = YES;
				CLANG_WARN_INT_CONVERSION = YES;
				CLANG_WARN_NON_LITERAL_NULL_CONVERSION = YES;
				CLANG_WARN_OBJC_IMPLICIT_RETAIN_SELF = YES;
				CLANG_WARN_OBJC_LITERAL_CONVERSION = YES;
				CLANG_WARN_OBJC_ROOT_CLASS = YES_ERROR;
				CLANG_WARN_QUOTED_INCLUDE_IN_FRAMEWORK_HEADER = YES;
				CLANG_WARN_RANGE_LOOP_ANALYSIS = YES;
				CLANG_WARN_STRICT_PROTOTYPES = YES;
				CLANG_WARN_SUSPICIOUS_MOVE = YES;
				CLANG_WARN_UNGUARDED_AVAILABILITY = YES_AGGRESSIVE;
				CLANG_WARN_UNREACHABLE_CODE = YES;
				CLANG_WARN__DUPLICATE_METHOD_MATCH = YES;
				COPY_PHASE_STRIP = NO;
				DEBUG_INFORMATION_FORMAT = "dwarf-with-dsym";
				ENABLE_NS_ASSERTIONS = NO;
				ENABLE_STRICT_OBJC_MSGSEND = YES;
				ENABLE_USER_SCRIPT_SANDBOXING = YES;
				GCC_C_LANGUAGE_STANDARD = gnu17;
				GCC_NO_COMMON_BLOCKS = YES;
				GCC_WARN_64_TO_32_BIT_CONVERSION = YES;
				GCC_WARN_ABOUT_RETURN_TYPE = YES_ERROR;
				GCC_WARN_UNDECLARED_SELECTOR = YES;
				GCC_WARN_UNINITIALIZED_AUTOS = YES_AGGRESSIVE;
				GCC_WARN_UNUSED_FUNCTION = YES;
				GCC_WARN_UNUSED_VARIABLE = YES;
				IPHONEOS_DEPLOYMENT_TARGET = 17.0;
				LOCALIZATION_PREFERS_STRING_CATALOGS = YES;
				MTL_ENABLE_DEBUG_INFO = NO;
				MTL_FAST_MATH = YES;
				SDKROOT = iphoneos;
				SWIFT_COMPILATION_MODE = wholemodule;
				VALIDATE_PRODUCT = YES;
			};
			name = Release;
		};
		E7D741042AF15D4B00F03C13 /* Debug */ = {
			isa = XCBuildConfiguration;
			baseConfigurationReference = EE2DC72756F95DA71F2010CC /* Pods-SAPR.debug.xcconfig */;
			buildSettings = {
				ASSETCATALOG_COMPILER_APPICON_NAME = AppIcon;
				ASSETCATALOG_COMPILER_GLOBAL_ACCENT_COLOR_NAME = AccentColor;
				CLANG_USE_OPTIMIZATION_PROFILE = NO;
				CODE_SIGN_STYLE = Automatic;
				CURRENT_PROJECT_VERSION = 1;
				DEVELOPMENT_TEAM = KY758VGLM7;
				ENABLE_USER_SCRIPT_SANDBOXING = NO;
				GENERATE_INFOPLIST_FILE = YES;
				INFOPLIST_FILE = SAPR/Info.plist;
				INFOPLIST_KEY_CFBundleDisplayName = SAPR;
				INFOPLIST_KEY_LSApplicationCategoryType = "public.app-category.education";
				INFOPLIST_KEY_UIApplicationSupportsIndirectInputEvents = YES;
				INFOPLIST_KEY_UILaunchStoryboardName = LaunchScreen;
				INFOPLIST_KEY_UISupportedInterfaceOrientations = UIInterfaceOrientationPortrait;
				IPHONEOS_DEPLOYMENT_TARGET = 15.0;
				LD_RUNPATH_SEARCH_PATHS = (
					"$(inherited)",
					"@executable_path/Frameworks",
				);
				MARKETING_VERSION = 1.0;
				PRODUCT_BUNDLE_IDENTIFIER = vtagilov.SAPR;
				PRODUCT_NAME = "$(TARGET_NAME)";
				SWIFT_EMIT_LOC_STRINGS = YES;
				SWIFT_VERSION = 5.0;
				TARGETED_DEVICE_FAMILY = "1,2";
			};
			name = Debug;
		};
		E7D741052AF15D4B00F03C13 /* Release */ = {
			isa = XCBuildConfiguration;
			baseConfigurationReference = BC813201124A756942657936 /* Pods-SAPR.release.xcconfig */;
			buildSettings = {
				ASSETCATALOG_COMPILER_APPICON_NAME = AppIcon;
				ASSETCATALOG_COMPILER_GLOBAL_ACCENT_COLOR_NAME = AccentColor;
				CLANG_USE_OPTIMIZATION_PROFILE = NO;
				CODE_SIGN_STYLE = Automatic;
				CURRENT_PROJECT_VERSION = 1;
				DEVELOPMENT_TEAM = KY758VGLM7;
				ENABLE_USER_SCRIPT_SANDBOXING = NO;
				GENERATE_INFOPLIST_FILE = YES;
				INFOPLIST_FILE = SAPR/Info.plist;
				INFOPLIST_KEY_CFBundleDisplayName = SAPR;
				INFOPLIST_KEY_LSApplicationCategoryType = "public.app-category.education";
				INFOPLIST_KEY_UIApplicationSupportsIndirectInputEvents = YES;
				INFOPLIST_KEY_UILaunchStoryboardName = LaunchScreen;
				INFOPLIST_KEY_UISupportedInterfaceOrientations = UIInterfaceOrientationPortrait;
				IPHONEOS_DEPLOYMENT_TARGET = 15.0;
				LD_RUNPATH_SEARCH_PATHS = (
					"$(inherited)",
					"@executable_path/Frameworks",
				);
				MARKETING_VERSION = 1.0;
				PRODUCT_BUNDLE_IDENTIFIER = vtagilov.SAPR;
				PRODUCT_NAME = "$(TARGET_NAME)";
				SWIFT_EMIT_LOC_STRINGS = YES;
				SWIFT_VERSION = 5.0;
				TARGETED_DEVICE_FAMILY = "1,2";
			};
			name = Release;
		};
/* End XCBuildConfiguration section */

/* Begin XCConfigurationList section */
		E7D740EA2AF15D4A00F03C13 /* Build configuration list for PBXProject "SAPR" */ = {
			isa = XCConfigurationList;
			buildConfigurations = (
				E7D741012AF15D4B00F03C13 /* Debug */,
				E7D741022AF15D4B00F03C13 /* Release */,
			);
			defaultConfigurationIsVisible = 0;
			defaultConfigurationName = Release;
		};
		E7D741032AF15D4B00F03C13 /* Build configuration list for PBXNativeTarget "SAPR" */ = {
			isa = XCConfigurationList;
			buildConfigurations = (
				E7D741042AF15D4B00F03C13 /* Debug */,
				E7D741052AF15D4B00F03C13 /* Release */,
			);
			defaultConfigurationIsVisible = 0;
			defaultConfigurationName = Release;
		};
/* End XCConfigurationList section */

/* Begin XCVersionGroup section */
		E70333102B273C2C00AA314E /* ConstructionModel.xcdatamodeld */ = {
			isa = XCVersionGroup;
			children = (
				E70333112B273C2C00AA314E /* ConstructionModel.xcdatamodel */,
			);
			currentVersion = E70333112B273C2C00AA314E /* ConstructionModel.xcdatamodel */;
			name = ConstructionModel.xcdatamodeld;
			path = SAPR/ConstructionModel.xcdatamodeld;
			sourceTree = "<group>";
			versionGroupType = wrapper.xcdatamodel;
		};
/* End XCVersionGroup section */
	};
	rootObject = E7D740E72AF15D4A00F03C13 /* Project object */;
}
